
Microsoft Visual Studio Solution File, Format Version 12.00
# Visual Studio Version 16
VisualStudioVersion = 16.0.29411.108
MinimumVisualStudioVersion = 10.0.40219.1
Project("{FAE04EC0-301F-11D3-BF4B-00C04F79EFBC}") = "SchedulerMonitor", "SchedulerMonitor\SchedulerMonitor.csproj", "{CBF24BA6-2181-4034-8D01-F5C9F0E0861F}"
EndProject
Global
	GlobalSection(SolutionConfigurationPlatforms) = preSolution
		Debug|Any CPU = Debug|Any CPU
		Release|Any CPU = Release|Any CPU
	EndGlobalSection
	GlobalSection(ProjectConfigurationPlatforms) = postSolution
		{CBF24BA6-2181-4034-8D01-F5C9F0E0861F}.Debug|Any CPU.ActiveCfg = Debug|Any CPU
		{CBF24BA6-2181-4034-8D01-F5C9F0E0861F}.Debug|Any CPU.Build.0 = Debug|Any CPU
		{CBF24BA6-2181-4034-8D01-F5C9F0E0861F}.Release|Any CPU.ActiveCfg = Release|Any CPU
		{CBF24BA6-2181-4034-8D01-F5C9F0E0861F}.Release|Any CPU.Build.0 = Release|Any CPU
	EndGlobalSection
	GlobalSection(SolutionProperties) = preSolution
		HideSolutionNode = FALSE
	EndGlobalSection
	GlobalSection(ExtensibilityGlobals) = postSolution
		SolutionGuid = {14620E70-7594-437E-B576-CF5E2F5B43D7}
	EndGlobalSection
EndGlobal
